
Microsoft Visual Studio Solution File, Format Version 12.00
# Visual Studio Version 17
VisualStudioVersion = 17.3.32929.385
MinimumVisualStudioVersion = 10.0.40219.1
Project("{FAE04EC0-301F-11D3-BF4B-00C04F79EFBC}") = "primier league players", "primier league players.csproj", "{2BBB78A8-A963-4F39-87E8-01E5DDD80402}"
EndProject
Global
	GlobalSection(SolutionConfigurationPlatforms) = preSolution
		Debug|Any CPU = Debug|Any CPU
		Release|Any CPU = Release|Any CPU
	EndGlobalSection
	GlobalSection(ProjectConfigurationPlatforms) = postSolution
		{2BBB78A8-A963-4F39-87E8-01E5DDD80402}.Debug|Any CPU.ActiveCfg = Debug|Any CPU
		{2BBB78A8-A963-4F39-87E8-01E5DDD80402}.Debug|Any CPU.Build.0 = Debug|Any CPU
		{2BBB78A8-A963-4F39-87E8-01E5DDD80402}.Release|Any CPU.ActiveCfg = Release|Any CPU
		{2BBB78A8-A963-4F39-87E8-01E5DDD80402}.Release|Any CPU.Build.0 = Release|Any CPU
	EndGlobalSection
	GlobalSection(SolutionProperties) = preSolution
		HideSolutionNode = FALSE
	EndGlobalSection
	GlobalSection(ExtensibilityGlobals) = postSolution
		SolutionGuid = {9CBC7336-751A-48E4-BF72-729B3280C556}
	EndGlobalSection
EndGlobal
